// !$*UTF8*$!
{
	archiveVersion = 1;
	classes = {
	};
	objectVersion = 55;
	objects = {

/* Begin PBXBuildFile section */
		0EA734AD52A3B8FA8B9C751F /* Pods_Vibefy.framework in Frameworks */ = {isa = PBXBuildFile; fileRef = ECDE054F7FEF20FE4AD9B279 /* Pods_Vibefy.framework */; };
		27A3B7F128DCCE4B000C8AB9 /* AppleMusicAPI.swift in Sources */ = {isa = PBXBuildFile; fileRef = 27A3B7F028DCCE4B000C8AB9 /* AppleMusicAPI.swift */; };
		27A3B7FB28DCCED6000C8AB9 /* Playlist.swift in Sources */ = {isa = PBXBuildFile; fileRef = 27A3B7F828DCCED6000C8AB9 /* Playlist.swift */; };
		27A3B7FC28DCCED6000C8AB9 /* PlaylistAttributes.swift in Sources */ = {isa = PBXBuildFile; fileRef = 27A3B7F928DCCED6000C8AB9 /* PlaylistAttributes.swift */; };
		27A3B7FD28DCCED6000C8AB9 /* PlaylistResponse.swift in Sources */ = {isa = PBXBuildFile; fileRef = 27A3B7FA28DCCED6000C8AB9 /* PlaylistResponse.swift */; };
		27A3B80228DCCEE1000C8AB9 /* Album.swift in Sources */ = {isa = PBXBuildFile; fileRef = 27A3B7FE28DCCEE1000C8AB9 /* Album.swift */; };
		27A3B80328DCCEE1000C8AB9 /* AlbumArtWork.swift in Sources */ = {isa = PBXBuildFile; fileRef = 27A3B7FF28DCCEE1000C8AB9 /* AlbumArtWork.swift */; };
		27A3B80428DCCEE1000C8AB9 /* AlbumAttributes.swift in Sources */ = {isa = PBXBuildFile; fileRef = 27A3B80028DCCEE1000C8AB9 /* AlbumAttributes.swift */; };
		27A3B80528DCCEE1000C8AB9 /* AlbumResponse.swift in Sources */ = {isa = PBXBuildFile; fileRef = 27A3B80128DCCEE1000C8AB9 /* AlbumResponse.swift */; };
		27A3B80A28DCCEEC000C8AB9 /* ArtistInfoAttributes.swift in Sources */ = {isa = PBXBuildFile; fileRef = 27A3B80628DCCEEB000C8AB9 /* ArtistInfoAttributes.swift */; };
		27A3B80B28DCCEEC000C8AB9 /* ArtistInfoAttributesArtWork.swift in Sources */ = {isa = PBXBuildFile; fileRef = 27A3B80728DCCEEC000C8AB9 /* ArtistInfoAttributesArtWork.swift */; };
		27A3B80C28DCCEEC000C8AB9 /* ArtistInfoResponse.swift in Sources */ = {isa = PBXBuildFile; fileRef = 27A3B80828DCCEEC000C8AB9 /* ArtistInfoResponse.swift */; };
		27A3B80D28DCCEEC000C8AB9 /* ArtistInfo.swift in Sources */ = {isa = PBXBuildFile; fileRef = 27A3B80928DCCEEC000C8AB9 /* ArtistInfo.swift */; };
		27A3B81028DCCEF8000C8AB9 /* Artist.swift in Sources */ = {isa = PBXBuildFile; fileRef = 27A3B80E28DCCEF8000C8AB9 /* Artist.swift */; };
		27A3B81128DCCEF8000C8AB9 /* ArtistResponse.swift in Sources */ = {isa = PBXBuildFile; fileRef = 27A3B80F28DCCEF8000C8AB9 /* ArtistResponse.swift */; };
		27A3B81528DCCEFF000C8AB9 /* Genre.swift in Sources */ = {isa = PBXBuildFile; fileRef = 27A3B81228DCCEFF000C8AB9 /* Genre.swift */; };
		27A3B81628DCCEFF000C8AB9 /* GenreAttributes.swift in Sources */ = {isa = PBXBuildFile; fileRef = 27A3B81328DCCEFF000C8AB9 /* GenreAttributes.swift */; };
		27A3B81728DCCEFF000C8AB9 /* GenreResponse.swift in Sources */ = {isa = PBXBuildFile; fileRef = 27A3B81428DCCEFF000C8AB9 /* GenreResponse.swift */; };
		27A3B81B28DCCF09000C8AB9 /* Song.swift in Sources */ = {isa = PBXBuildFile; fileRef = 27A3B81828DCCF09000C8AB9 /* Song.swift */; };
		27A3B81C28DCCF09000C8AB9 /* SongAttributes.swift in Sources */ = {isa = PBXBuildFile; fileRef = 27A3B81928DCCF09000C8AB9 /* SongAttributes.swift */; };
		27A3B81D28DCCF09000C8AB9 /* SongResponse.swift in Sources */ = {isa = PBXBuildFile; fileRef = 27A3B81A28DCCF09000C8AB9 /* SongResponse.swift */; };
		27A3B82528DCCF82000C8AB9 /* ArtistsCollectionViewCell.swift in Sources */ = {isa = PBXBuildFile; fileRef = 27A3B81F28DCCF82000C8AB9 /* ArtistsCollectionViewCell.swift */; };
		27A3B82628DCCF82000C8AB9 /* ChoiceView+UICollectionViewDataSource.swift in Sources */ = {isa = PBXBuildFile; fileRef = 27A3B82028DCCF82000C8AB9 /* ChoiceView+UICollectionViewDataSource.swift */; };
		27A3B82728DCCF82000C8AB9 /* ChoiceView+UICollectionViewDelegate.swift in Sources */ = {isa = PBXBuildFile; fileRef = 27A3B82128DCCF82000C8AB9 /* ChoiceView+UICollectionViewDelegate.swift */; };
		27A3B82828DCCF82000C8AB9 /* ChoiceViewController.swift in Sources */ = {isa = PBXBuildFile; fileRef = 27A3B82228DCCF82000C8AB9 /* ChoiceViewController.swift */; };
		27A3B82928DCCF82000C8AB9 /* PlaylistsCollectionViewCell.swift in Sources */ = {isa = PBXBuildFile; fileRef = 27A3B82328DCCF82000C8AB9 /* PlaylistsCollectionViewCell.swift */; };
		27A3B82A28DCCF82000C8AB9 /* AlbunsCollectionViewCell.swift in Sources */ = {isa = PBXBuildFile; fileRef = 27A3B82428DCCF82000C8AB9 /* AlbunsCollectionViewCell.swift */; };
		27A3B82D28DCD25D000C8AB9 /* VibeResultViewController.swift in Sources */ = {isa = PBXBuildFile; fileRef = 27A3B82C28DCD25D000C8AB9 /* VibeResultViewController.swift */; };
		27A3B82F28DCD28B000C8AB9 /* ResultsTableViewCell.swift in Sources */ = {isa = PBXBuildFile; fileRef = 27A3B82E28DCD28B000C8AB9 /* ResultsTableViewCell.swift */; };
		27A3B83628DCD9F7000C8AB9 /* DetailsViewController+CollectionViewDelegate.swift in Sources */ = {isa = PBXBuildFile; fileRef = 27A3B83128DCD9F7000C8AB9 /* DetailsViewController+CollectionViewDelegate.swift */; };
		27A3B83728DCD9F7000C8AB9 /* FiltrosCollectionViewCell.swift in Sources */ = {isa = PBXBuildFile; fileRef = 27A3B83228DCD9F7000C8AB9 /* FiltrosCollectionViewCell.swift */; };
		27A3B83828DCD9F7000C8AB9 /* DetailsViewController+CollectionViewDataSource.swift in Sources */ = {isa = PBXBuildFile; fileRef = 27A3B83328DCD9F7000C8AB9 /* DetailsViewController+CollectionViewDataSource.swift */; };
		27A3B83928DCD9F7000C8AB9 /* DetailsViewController.swift in Sources */ = {isa = PBXBuildFile; fileRef = 27A3B83428DCD9F7000C8AB9 /* DetailsViewController.swift */; };
		27A3B83A28DCD9F7000C8AB9 /* ImagesCollectionViewCell.swift in Sources */ = {isa = PBXBuildFile; fileRef = 27A3B83528DCD9F7000C8AB9 /* ImagesCollectionViewCell.swift */; };
		27A3B83C28DCDA1A000C8AB9 /* VibeResultViewController+UITableViewDataSource.swift in Sources */ = {isa = PBXBuildFile; fileRef = 27A3B83B28DCDA1A000C8AB9 /* VibeResultViewController+UITableViewDataSource.swift */; };
		27A3B83E28DCDA4C000C8AB9 /* VibeResultController+UITableViewDelegate.swift in Sources */ = {isa = PBXBuildFile; fileRef = 27A3B83D28DCDA4C000C8AB9 /* VibeResultController+UITableViewDelegate.swift */; };
		27A3B84128DCE8D9000C8AB9 /* ConfirmViewController.swift in Sources */ = {isa = PBXBuildFile; fileRef = 27A3B84028DCE8D9000C8AB9 /* ConfirmViewController.swift */; };
		27D7CE5728DCFB84006DBD0D /* PlaylistInfoResponse.swift in Sources */ = {isa = PBXBuildFile; fileRef = 27D7CE5628DCFB84006DBD0D /* PlaylistInfoResponse.swift */; };
		27D7CE5928DCFBB0006DBD0D /* PlaylistInfo.swift in Sources */ = {isa = PBXBuildFile; fileRef = 27D7CE5828DCFBB0006DBD0D /* PlaylistInfo.swift */; };
		27D7CE5B28DCFC13006DBD0D /* PlaylistInfoAttributes.swift in Sources */ = {isa = PBXBuildFile; fileRef = 27D7CE5A28DCFC13006DBD0D /* PlaylistInfoAttributes.swift */; };
		27EA1C1F28DA4B2A0011EED3 /* RestByMood+Restaurants.swift in Sources */ = {isa = PBXBuildFile; fileRef = 27EA1C1C28DA4B2A0011EED3 /* RestByMood+Restaurants.swift */; };
		27EA1C2028DA4B2A0011EED3 /* RestByMood.swift in Sources */ = {isa = PBXBuildFile; fileRef = 27EA1C1D28DA4B2A0011EED3 /* RestByMood.swift */; };
		27EA1C4428DA4BB40011EED3 /* OnboardingViewController+UIPageViewControllerDataSource.swift in Sources */ = {isa = PBXBuildFile; fileRef = 27EA1C3E28DA4BB40011EED3 /* OnboardingViewController+UIPageViewControllerDataSource.swift */; };
		27EA1C4528DA4BB40011EED3 /* OnboardingViewController+UIPageViewControllerDelegate.swift in Sources */ = {isa = PBXBuildFile; fileRef = 27EA1C3F28DA4BB40011EED3 /* OnboardingViewController+UIPageViewControllerDelegate.swift */; };
		27EA1C4628DA4BB40011EED3 /* OnboardingPageTwoViewController.swift in Sources */ = {isa = PBXBuildFile; fileRef = 27EA1C4028DA4BB40011EED3 /* OnboardingPageTwoViewController.swift */; };
		27EA1C4728DA4BB40011EED3 /* OnboardingPageThreeViewController.swift in Sources */ = {isa = PBXBuildFile; fileRef = 27EA1C4128DA4BB40011EED3 /* OnboardingPageThreeViewController.swift */; };
		27EA1C4828DA4BB40011EED3 /* OnboardingPageOneViewController.swift in Sources */ = {isa = PBXBuildFile; fileRef = 27EA1C4228DA4BB40011EED3 /* OnboardingPageOneViewController.swift */; };
		27EA1C4928DA4BB40011EED3 /* OnboardingViewController.swift in Sources */ = {isa = PBXBuildFile; fileRef = 27EA1C4328DA4BB40011EED3 /* OnboardingViewController.swift */; };
		27EA1C5128DA4BC50011EED3 /* RecentsCollectionViewCell.swift in Sources */ = {isa = PBXBuildFile; fileRef = 27EA1C4A28DA4BC50011EED3 /* RecentsCollectionViewCell.swift */; };
		27EA1C5228DA4BC50011EED3 /* DragViewDelegate.swift in Sources */ = {isa = PBXBuildFile; fileRef = 27EA1C4B28DA4BC50011EED3 /* DragViewDelegate.swift */; };
		27EA1C5328DA4BC50011EED3 /* HomeViewController.swift in Sources */ = {isa = PBXBuildFile; fileRef = 27EA1C4C28DA4BC50011EED3 /* HomeViewController.swift */; };
		27EA1C5428DA4BC50011EED3 /* FavoritesCollectionViewCell.swift in Sources */ = {isa = PBXBuildFile; fileRef = 27EA1C4D28DA4BC50011EED3 /* FavoritesCollectionViewCell.swift */; };
		27EA1C5528DA4BC50011EED3 /* DragView+UICollectionViewDataSource.swift in Sources */ = {isa = PBXBuildFile; fileRef = 27EA1C4E28DA4BC50011EED3 /* DragView+UICollectionViewDataSource.swift */; };
		27EA1C5628DA4BC50011EED3 /* DragView+UICollectionViewDelegate.swift in Sources */ = {isa = PBXBuildFile; fileRef = 27EA1C4F28DA4BC50011EED3 /* DragView+UICollectionViewDelegate.swift */; };
		27EA1C5728DA4BC50011EED3 /* DragView.swift in Sources */ = {isa = PBXBuildFile; fileRef = 27EA1C5028DA4BC50011EED3 /* DragView.swift */; };
		27EA1C5B28DA4BED0011EED3 /* ChooseMethodViewController.swift in Sources */ = {isa = PBXBuildFile; fileRef = 27EA1C5A28DA4BED0011EED3 /* ChooseMethodViewController.swift */; };
		27EA1C5D28DA4BFF0011EED3 /* LoadingPageViewController.swift in Sources */ = {isa = PBXBuildFile; fileRef = 27EA1C5C28DA4BFF0011EED3 /* LoadingPageViewController.swift */; };
		863376A128C3AF360031784D /* AppDelegate.swift in Sources */ = {isa = PBXBuildFile; fileRef = 863376A028C3AF360031784D /* AppDelegate.swift */; };
		863376A328C3AF360031784D /* SceneDelegate.swift in Sources */ = {isa = PBXBuildFile; fileRef = 863376A228C3AF360031784D /* SceneDelegate.swift */; };
		863376AB28C3AF360031784D /* Vibefy.xcdatamodeld in Sources */ = {isa = PBXBuildFile; fileRef = 863376A928C3AF360031784D /* Vibefy.xcdatamodeld */; };
		863376AD28C3AF370031784D /* Assets.xcassets in Resources */ = {isa = PBXBuildFile; fileRef = 863376AC28C3AF370031784D /* Assets.xcassets */; };
		863376B028C3AF370031784D /* LaunchScreen.storyboard in Resources */ = {isa = PBXBuildFile; fileRef = 863376AE28C3AF370031784D /* LaunchScreen.storyboard */; };
/* End PBXBuildFile section */

/* Begin PBXFileReference section */
		27A3B7F028DCCE4B000C8AB9 /* AppleMusicAPI.swift */ = {isa = PBXFileReference; fileEncoding = 4; lastKnownFileType = sourcecode.swift; path = AppleMusicAPI.swift; sourceTree = "<group>"; };
		27A3B7F828DCCED6000C8AB9 /* Playlist.swift */ = {isa = PBXFileReference; fileEncoding = 4; lastKnownFileType = sourcecode.swift; path = Playlist.swift; sourceTree = "<group>"; };
		27A3B7F928DCCED6000C8AB9 /* PlaylistAttributes.swift */ = {isa = PBXFileReference; fileEncoding = 4; lastKnownFileType = sourcecode.swift; path = PlaylistAttributes.swift; sourceTree = "<group>"; };
		27A3B7FA28DCCED6000C8AB9 /* PlaylistResponse.swift */ = {isa = PBXFileReference; fileEncoding = 4; lastKnownFileType = sourcecode.swift; path = PlaylistResponse.swift; sourceTree = "<group>"; };
		27A3B7FE28DCCEE1000C8AB9 /* Album.swift */ = {isa = PBXFileReference; fileEncoding = 4; lastKnownFileType = sourcecode.swift; path = Album.swift; sourceTree = "<group>"; };
		27A3B7FF28DCCEE1000C8AB9 /* AlbumArtWork.swift */ = {isa = PBXFileReference; fileEncoding = 4; lastKnownFileType = sourcecode.swift; path = AlbumArtWork.swift; sourceTree = "<group>"; };
		27A3B80028DCCEE1000C8AB9 /* AlbumAttributes.swift */ = {isa = PBXFileReference; fileEncoding = 4; lastKnownFileType = sourcecode.swift; path = AlbumAttributes.swift; sourceTree = "<group>"; };
		27A3B80128DCCEE1000C8AB9 /* AlbumResponse.swift */ = {isa = PBXFileReference; fileEncoding = 4; lastKnownFileType = sourcecode.swift; path = AlbumResponse.swift; sourceTree = "<group>"; };
		27A3B80628DCCEEB000C8AB9 /* ArtistInfoAttributes.swift */ = {isa = PBXFileReference; fileEncoding = 4; lastKnownFileType = sourcecode.swift; path = ArtistInfoAttributes.swift; sourceTree = "<group>"; };
		27A3B80728DCCEEC000C8AB9 /* ArtistInfoAttributesArtWork.swift */ = {isa = PBXFileReference; fileEncoding = 4; lastKnownFileType = sourcecode.swift; path = ArtistInfoAttributesArtWork.swift; sourceTree = "<group>"; };
		27A3B80828DCCEEC000C8AB9 /* ArtistInfoResponse.swift */ = {isa = PBXFileReference; fileEncoding = 4; lastKnownFileType = sourcecode.swift; path = ArtistInfoResponse.swift; sourceTree = "<group>"; };
		27A3B80928DCCEEC000C8AB9 /* ArtistInfo.swift */ = {isa = PBXFileReference; fileEncoding = 4; lastKnownFileType = sourcecode.swift; path = ArtistInfo.swift; sourceTree = "<group>"; };
		27A3B80E28DCCEF8000C8AB9 /* Artist.swift */ = {isa = PBXFileReference; fileEncoding = 4; lastKnownFileType = sourcecode.swift; path = Artist.swift; sourceTree = "<group>"; };
		27A3B80F28DCCEF8000C8AB9 /* ArtistResponse.swift */ = {isa = PBXFileReference; fileEncoding = 4; lastKnownFileType = sourcecode.swift; path = ArtistResponse.swift; sourceTree = "<group>"; };
		27A3B81228DCCEFF000C8AB9 /* Genre.swift */ = {isa = PBXFileReference; fileEncoding = 4; lastKnownFileType = sourcecode.swift; path = Genre.swift; sourceTree = "<group>"; };
		27A3B81328DCCEFF000C8AB9 /* GenreAttributes.swift */ = {isa = PBXFileReference; fileEncoding = 4; lastKnownFileType = sourcecode.swift; path = GenreAttributes.swift; sourceTree = "<group>"; };
		27A3B81428DCCEFF000C8AB9 /* GenreResponse.swift */ = {isa = PBXFileReference; fileEncoding = 4; lastKnownFileType = sourcecode.swift; path = GenreResponse.swift; sourceTree = "<group>"; };
		27A3B81828DCCF09000C8AB9 /* Song.swift */ = {isa = PBXFileReference; fileEncoding = 4; lastKnownFileType = sourcecode.swift; path = Song.swift; sourceTree = "<group>"; };
		27A3B81928DCCF09000C8AB9 /* SongAttributes.swift */ = {isa = PBXFileReference; fileEncoding = 4; lastKnownFileType = sourcecode.swift; path = SongAttributes.swift; sourceTree = "<group>"; };
		27A3B81A28DCCF09000C8AB9 /* SongResponse.swift */ = {isa = PBXFileReference; fileEncoding = 4; lastKnownFileType = sourcecode.swift; path = SongResponse.swift; sourceTree = "<group>"; };
		27A3B81F28DCCF82000C8AB9 /* ArtistsCollectionViewCell.swift */ = {isa = PBXFileReference; fileEncoding = 4; lastKnownFileType = sourcecode.swift; path = ArtistsCollectionViewCell.swift; sourceTree = "<group>"; };
		27A3B82028DCCF82000C8AB9 /* ChoiceView+UICollectionViewDataSource.swift */ = {isa = PBXFileReference; fileEncoding = 4; lastKnownFileType = sourcecode.swift; path = "ChoiceView+UICollectionViewDataSource.swift"; sourceTree = "<group>"; };
		27A3B82128DCCF82000C8AB9 /* ChoiceView+UICollectionViewDelegate.swift */ = {isa = PBXFileReference; fileEncoding = 4; lastKnownFileType = sourcecode.swift; path = "ChoiceView+UICollectionViewDelegate.swift"; sourceTree = "<group>"; };
		27A3B82228DCCF82000C8AB9 /* ChoiceViewController.swift */ = {isa = PBXFileReference; fileEncoding = 4; lastKnownFileType = sourcecode.swift; path = ChoiceViewController.swift; sourceTree = "<group>"; };
		27A3B82328DCCF82000C8AB9 /* PlaylistsCollectionViewCell.swift */ = {isa = PBXFileReference; fileEncoding = 4; lastKnownFileType = sourcecode.swift; path = PlaylistsCollectionViewCell.swift; sourceTree = "<group>"; };
		27A3B82428DCCF82000C8AB9 /* AlbunsCollectionViewCell.swift */ = {isa = PBXFileReference; fileEncoding = 4; lastKnownFileType = sourcecode.swift; path = AlbunsCollectionViewCell.swift; sourceTree = "<group>"; };
		27A3B82C28DCD25D000C8AB9 /* VibeResultViewController.swift */ = {isa = PBXFileReference; lastKnownFileType = sourcecode.swift; path = VibeResultViewController.swift; sourceTree = "<group>"; };
		27A3B82E28DCD28B000C8AB9 /* ResultsTableViewCell.swift */ = {isa = PBXFileReference; lastKnownFileType = sourcecode.swift; path = ResultsTableViewCell.swift; sourceTree = "<group>"; };
		27A3B83128DCD9F7000C8AB9 /* DetailsViewController+CollectionViewDelegate.swift */ = {isa = PBXFileReference; fileEncoding = 4; lastKnownFileType = sourcecode.swift; path = "DetailsViewController+CollectionViewDelegate.swift"; sourceTree = "<group>"; };
		27A3B83228DCD9F7000C8AB9 /* FiltrosCollectionViewCell.swift */ = {isa = PBXFileReference; fileEncoding = 4; lastKnownFileType = sourcecode.swift; path = FiltrosCollectionViewCell.swift; sourceTree = "<group>"; };
		27A3B83328DCD9F7000C8AB9 /* DetailsViewController+CollectionViewDataSource.swift */ = {isa = PBXFileReference; fileEncoding = 4; lastKnownFileType = sourcecode.swift; path = "DetailsViewController+CollectionViewDataSource.swift"; sourceTree = "<group>"; };
		27A3B83428DCD9F7000C8AB9 /* DetailsViewController.swift */ = {isa = PBXFileReference; fileEncoding = 4; lastKnownFileType = sourcecode.swift; path = DetailsViewController.swift; sourceTree = "<group>"; };
		27A3B83528DCD9F7000C8AB9 /* ImagesCollectionViewCell.swift */ = {isa = PBXFileReference; fileEncoding = 4; lastKnownFileType = sourcecode.swift; path = ImagesCollectionViewCell.swift; sourceTree = "<group>"; };
		27A3B83B28DCDA1A000C8AB9 /* VibeResultViewController+UITableViewDataSource.swift */ = {isa = PBXFileReference; lastKnownFileType = sourcecode.swift; path = "VibeResultViewController+UITableViewDataSource.swift"; sourceTree = "<group>"; };
		27A3B83D28DCDA4C000C8AB9 /* VibeResultController+UITableViewDelegate.swift */ = {isa = PBXFileReference; lastKnownFileType = sourcecode.swift; path = "VibeResultController+UITableViewDelegate.swift"; sourceTree = "<group>"; };
		27A3B84028DCE8D9000C8AB9 /* ConfirmViewController.swift */ = {isa = PBXFileReference; fileEncoding = 4; lastKnownFileType = sourcecode.swift; path = ConfirmViewController.swift; sourceTree = "<group>"; };
		27D7CE5628DCFB84006DBD0D /* PlaylistInfoResponse.swift */ = {isa = PBXFileReference; lastKnownFileType = sourcecode.swift; path = PlaylistInfoResponse.swift; sourceTree = "<group>"; };
		27D7CE5828DCFBB0006DBD0D /* PlaylistInfo.swift */ = {isa = PBXFileReference; lastKnownFileType = sourcecode.swift; path = PlaylistInfo.swift; sourceTree = "<group>"; };
		27D7CE5A28DCFC13006DBD0D /* PlaylistInfoAttributes.swift */ = {isa = PBXFileReference; lastKnownFileType = sourcecode.swift; path = PlaylistInfoAttributes.swift; sourceTree = "<group>"; };
		27EA1C1C28DA4B2A0011EED3 /* RestByMood+Restaurants.swift */ = {isa = PBXFileReference; fileEncoding = 4; lastKnownFileType = sourcecode.swift; path = "RestByMood+Restaurants.swift"; sourceTree = "<group>"; };
		27EA1C1D28DA4B2A0011EED3 /* RestByMood.swift */ = {isa = PBXFileReference; fileEncoding = 4; lastKnownFileType = sourcecode.swift; path = RestByMood.swift; sourceTree = "<group>"; };
		27EA1C3E28DA4BB40011EED3 /* OnboardingViewController+UIPageViewControllerDataSource.swift */ = {isa = PBXFileReference; fileEncoding = 4; lastKnownFileType = sourcecode.swift; path = "OnboardingViewController+UIPageViewControllerDataSource.swift"; sourceTree = "<group>"; };
		27EA1C3F28DA4BB40011EED3 /* OnboardingViewController+UIPageViewControllerDelegate.swift */ = {isa = PBXFileReference; fileEncoding = 4; lastKnownFileType = sourcecode.swift; path = "OnboardingViewController+UIPageViewControllerDelegate.swift"; sourceTree = "<group>"; };
		27EA1C4028DA4BB40011EED3 /* OnboardingPageTwoViewController.swift */ = {isa = PBXFileReference; fileEncoding = 4; lastKnownFileType = sourcecode.swift; path = OnboardingPageTwoViewController.swift; sourceTree = "<group>"; };
		27EA1C4128DA4BB40011EED3 /* OnboardingPageThreeViewController.swift */ = {isa = PBXFileReference; fileEncoding = 4; lastKnownFileType = sourcecode.swift; path = OnboardingPageThreeViewController.swift; sourceTree = "<group>"; };
		27EA1C4228DA4BB40011EED3 /* OnboardingPageOneViewController.swift */ = {isa = PBXFileReference; fileEncoding = 4; lastKnownFileType = sourcecode.swift; path = OnboardingPageOneViewController.swift; sourceTree = "<group>"; };
		27EA1C4328DA4BB40011EED3 /* OnboardingViewController.swift */ = {isa = PBXFileReference; fileEncoding = 4; lastKnownFileType = sourcecode.swift; path = OnboardingViewController.swift; sourceTree = "<group>"; };
		27EA1C4A28DA4BC50011EED3 /* RecentsCollectionViewCell.swift */ = {isa = PBXFileReference; fileEncoding = 4; lastKnownFileType = sourcecode.swift; path = RecentsCollectionViewCell.swift; sourceTree = "<group>"; };
		27EA1C4B28DA4BC50011EED3 /* DragViewDelegate.swift */ = {isa = PBXFileReference; fileEncoding = 4; lastKnownFileType = sourcecode.swift; path = DragViewDelegate.swift; sourceTree = "<group>"; };
		27EA1C4C28DA4BC50011EED3 /* HomeViewController.swift */ = {isa = PBXFileReference; fileEncoding = 4; lastKnownFileType = sourcecode.swift; path = HomeViewController.swift; sourceTree = "<group>"; };
		27EA1C4D28DA4BC50011EED3 /* FavoritesCollectionViewCell.swift */ = {isa = PBXFileReference; fileEncoding = 4; lastKnownFileType = sourcecode.swift; path = FavoritesCollectionViewCell.swift; sourceTree = "<group>"; };
		27EA1C4E28DA4BC50011EED3 /* DragView+UICollectionViewDataSource.swift */ = {isa = PBXFileReference; fileEncoding = 4; lastKnownFileType = sourcecode.swift; path = "DragView+UICollectionViewDataSource.swift"; sourceTree = "<group>"; };
		27EA1C4F28DA4BC50011EED3 /* DragView+UICollectionViewDelegate.swift */ = {isa = PBXFileReference; fileEncoding = 4; lastKnownFileType = sourcecode.swift; path = "DragView+UICollectionViewDelegate.swift"; sourceTree = "<group>"; };
		27EA1C5028DA4BC50011EED3 /* DragView.swift */ = {isa = PBXFileReference; fileEncoding = 4; lastKnownFileType = sourcecode.swift; path = DragView.swift; sourceTree = "<group>"; };
		27EA1C5A28DA4BED0011EED3 /* ChooseMethodViewController.swift */ = {isa = PBXFileReference; fileEncoding = 4; lastKnownFileType = sourcecode.swift; path = ChooseMethodViewController.swift; sourceTree = "<group>"; };
		27EA1C5C28DA4BFF0011EED3 /* LoadingPageViewController.swift */ = {isa = PBXFileReference; fileEncoding = 4; lastKnownFileType = sourcecode.swift; path = LoadingPageViewController.swift; sourceTree = "<group>"; };
		8633769D28C3AF360031784D /* Vibefy.app */ = {isa = PBXFileReference; explicitFileType = wrapper.application; includeInIndex = 0; path = Vibefy.app; sourceTree = BUILT_PRODUCTS_DIR; };
		863376A028C3AF360031784D /* AppDelegate.swift */ = {isa = PBXFileReference; lastKnownFileType = sourcecode.swift; path = AppDelegate.swift; sourceTree = "<group>"; };
		863376A228C3AF360031784D /* SceneDelegate.swift */ = {isa = PBXFileReference; lastKnownFileType = sourcecode.swift; path = SceneDelegate.swift; sourceTree = "<group>"; };
		863376AA28C3AF360031784D /* Vibefy.xcdatamodel */ = {isa = PBXFileReference; lastKnownFileType = wrapper.xcdatamodel; path = Vibefy.xcdatamodel; sourceTree = "<group>"; };
		863376AC28C3AF370031784D /* Assets.xcassets */ = {isa = PBXFileReference; lastKnownFileType = folder.assetcatalog; path = Assets.xcassets; sourceTree = "<group>"; };
		863376AF28C3AF370031784D /* Base */ = {isa = PBXFileReference; lastKnownFileType = file.storyboard; name = Base; path = Base.lproj/LaunchScreen.storyboard; sourceTree = "<group>"; };
		863376B128C3AF370031784D /* Info.plist */ = {isa = PBXFileReference; lastKnownFileType = text.plist.xml; path = Info.plist; sourceTree = "<group>"; };
		94251877188062E6D956B00B /* Pods-Vibefy.release.xcconfig */ = {isa = PBXFileReference; includeInIndex = 1; lastKnownFileType = text.xcconfig; name = "Pods-Vibefy.release.xcconfig"; path = "Target Support Files/Pods-Vibefy/Pods-Vibefy.release.xcconfig"; sourceTree = "<group>"; };
		95296DB9EF7D2E712D1C4D2B /* Pods-Vibefy.debug.xcconfig */ = {isa = PBXFileReference; includeInIndex = 1; lastKnownFileType = text.xcconfig; name = "Pods-Vibefy.debug.xcconfig"; path = "Target Support Files/Pods-Vibefy/Pods-Vibefy.debug.xcconfig"; sourceTree = "<group>"; };
		ECDE054F7FEF20FE4AD9B279 /* Pods_Vibefy.framework */ = {isa = PBXFileReference; explicitFileType = wrapper.framework; includeInIndex = 0; path = Pods_Vibefy.framework; sourceTree = BUILT_PRODUCTS_DIR; };
/* End PBXFileReference section */

/* Begin PBXFrameworksBuildPhase section */
		8633769A28C3AF360031784D /* Frameworks */ = {
			isa = PBXFrameworksBuildPhase;
			buildActionMask = 2147483647;
			files = (
				0EA734AD52A3B8FA8B9C751F /* Pods_Vibefy.framework in Frameworks */,
			);
			runOnlyForDeploymentPostprocessing = 0;
		};
/* End PBXFrameworksBuildPhase section */

/* Begin PBXGroup section */
		27A3B7F228DCCE59000C8AB9 /* Playlist */ = {
			isa = PBXGroup;
			children = (
				27A3B7F828DCCED6000C8AB9 /* Playlist.swift */,
				27A3B7F928DCCED6000C8AB9 /* PlaylistAttributes.swift */,
				27A3B7FA28DCCED6000C8AB9 /* PlaylistResponse.swift */,
			);
			path = Playlist;
			sourceTree = "<group>";
		};
		27A3B7F328DCCE62000C8AB9 /* Album */ = {
			isa = PBXGroup;
			children = (
				27A3B7FE28DCCEE1000C8AB9 /* Album.swift */,
				27A3B7FF28DCCEE1000C8AB9 /* AlbumArtWork.swift */,
				27A3B80028DCCEE1000C8AB9 /* AlbumAttributes.swift */,
				27A3B80128DCCEE1000C8AB9 /* AlbumResponse.swift */,
			);
			path = Album;
			sourceTree = "<group>";
		};
		27A3B7F428DCCE68000C8AB9 /* ArtistInfo */ = {
			isa = PBXGroup;
			children = (
				27A3B80928DCCEEC000C8AB9 /* ArtistInfo.swift */,
				27A3B80628DCCEEB000C8AB9 /* ArtistInfoAttributes.swift */,
				27A3B80728DCCEEC000C8AB9 /* ArtistInfoAttributesArtWork.swift */,
				27A3B80828DCCEEC000C8AB9 /* ArtistInfoResponse.swift */,
			);
			path = ArtistInfo;
			sourceTree = "<group>";
		};
		27A3B7F528DCCE76000C8AB9 /* Artist */ = {
			isa = PBXGroup;
			children = (
				27A3B80E28DCCEF8000C8AB9 /* Artist.swift */,
				27A3B80F28DCCEF8000C8AB9 /* ArtistResponse.swift */,
			);
			path = Artist;
			sourceTree = "<group>";
		};
		27A3B7F628DCCE82000C8AB9 /* Genre */ = {
			isa = PBXGroup;
			children = (
				27A3B81228DCCEFF000C8AB9 /* Genre.swift */,
				27A3B81328DCCEFF000C8AB9 /* GenreAttributes.swift */,
				27A3B81428DCCEFF000C8AB9 /* GenreResponse.swift */,
			);
			path = Genre;
			sourceTree = "<group>";
		};
		27A3B7F728DCCE8E000C8AB9 /* Song */ = {
			isa = PBXGroup;
			children = (
				27A3B81828DCCF09000C8AB9 /* Song.swift */,
				27A3B81928DCCF09000C8AB9 /* SongAttributes.swift */,
				27A3B81A28DCCF09000C8AB9 /* SongResponse.swift */,
			);
			path = Song;
			sourceTree = "<group>";
		};
		27A3B82B28DCD222000C8AB9 /* Vibe-Result */ = {
			isa = PBXGroup;
			children = (
				27A3B82C28DCD25D000C8AB9 /* VibeResultViewController.swift */,
				27A3B82E28DCD28B000C8AB9 /* ResultsTableViewCell.swift */,
				27A3B83B28DCDA1A000C8AB9 /* VibeResultViewController+UITableViewDataSource.swift */,
				27A3B83D28DCDA4C000C8AB9 /* VibeResultController+UITableViewDelegate.swift */,
			);
			path = "Vibe-Result";
			sourceTree = "<group>";
		};
		27A3B83028DCD99C000C8AB9 /* Details */ = {
			isa = PBXGroup;
			children = (
				27A3B83428DCD9F7000C8AB9 /* DetailsViewController.swift */,
				27A3B83328DCD9F7000C8AB9 /* DetailsViewController+CollectionViewDataSource.swift */,
				27A3B83128DCD9F7000C8AB9 /* DetailsViewController+CollectionViewDelegate.swift */,
				27A3B83228DCD9F7000C8AB9 /* FiltrosCollectionViewCell.swift */,
				27A3B83528DCD9F7000C8AB9 /* ImagesCollectionViewCell.swift */,
			);
			path = Details;
			sourceTree = "<group>";
		};
		27A3B83F28DCE8CF000C8AB9 /* Confirm */ = {
			isa = PBXGroup;
			children = (
				27A3B84028DCE8D9000C8AB9 /* ConfirmViewController.swift */,
			);
			path = Confirm;
			sourceTree = "<group>";
		};
		27D7CE5528DCFB70006DBD0D /* PlaylistInfo */ = {
			isa = PBXGroup;
			children = (
				27D7CE5628DCFB84006DBD0D /* PlaylistInfoResponse.swift */,
				27D7CE5828DCFBB0006DBD0D /* PlaylistInfo.swift */,
				27D7CE5A28DCFC13006DBD0D /* PlaylistInfoAttributes.swift */,
			);
			path = PlaylistInfo;
			sourceTree = "<group>";
		};
		27EA1C3928DA4B840011EED3 /* Choice */ = {
			isa = PBXGroup;
			children = (
				27A3B82428DCCF82000C8AB9 /* AlbunsCollectionViewCell.swift */,
				27A3B81F28DCCF82000C8AB9 /* ArtistsCollectionViewCell.swift */,
				27A3B82028DCCF82000C8AB9 /* ChoiceView+UICollectionViewDataSource.swift */,
				27A3B82128DCCF82000C8AB9 /* ChoiceView+UICollectionViewDelegate.swift */,
				27A3B82228DCCF82000C8AB9 /* ChoiceViewController.swift */,
				27A3B82328DCCF82000C8AB9 /* PlaylistsCollectionViewCell.swift */,
			);
			path = Choice;
			sourceTree = "<group>";
		};
		27EA1C3A28DA4B8E0011EED3 /* Loading */ = {
			isa = PBXGroup;
			children = (
				27EA1C5C28DA4BFF0011EED3 /* LoadingPageViewController.swift */,
			);
			path = Loading;
			sourceTree = "<group>";
		};
		27EA1C3B28DA4B940011EED3 /* Choose */ = {
			isa = PBXGroup;
			children = (
				27EA1C5A28DA4BED0011EED3 /* ChooseMethodViewController.swift */,
			);
			path = Choose;
			sourceTree = "<group>";
		};
		27EA1C3C28DA4B9B0011EED3 /* Home */ = {
			isa = PBXGroup;
			children = (
				27EA1C5028DA4BC50011EED3 /* DragView.swift */,
				27EA1C4E28DA4BC50011EED3 /* DragView+UICollectionViewDataSource.swift */,
				27EA1C4F28DA4BC50011EED3 /* DragView+UICollectionViewDelegate.swift */,
				27EA1C4B28DA4BC50011EED3 /* DragViewDelegate.swift */,
				27EA1C4D28DA4BC50011EED3 /* FavoritesCollectionViewCell.swift */,
				27EA1C4C28DA4BC50011EED3 /* HomeViewController.swift */,
				27EA1C4A28DA4BC50011EED3 /* RecentsCollectionViewCell.swift */,
			);
			path = Home;
			sourceTree = "<group>";
		};
		27EA1C3D28DA4BA20011EED3 /* onBoarding */ = {
			isa = PBXGroup;
			children = (
				27EA1C4228DA4BB40011EED3 /* OnboardingPageOneViewController.swift */,
				27EA1C4128DA4BB40011EED3 /* OnboardingPageThreeViewController.swift */,
				27EA1C4028DA4BB40011EED3 /* OnboardingPageTwoViewController.swift */,
				27EA1C4328DA4BB40011EED3 /* OnboardingViewController.swift */,
				27EA1C3E28DA4BB40011EED3 /* OnboardingViewController+UIPageViewControllerDataSource.swift */,
				27EA1C3F28DA4BB40011EED3 /* OnboardingViewController+UIPageViewControllerDelegate.swift */,
			);
			path = onBoarding;
			sourceTree = "<group>";
		};
		8633769428C3AF360031784D = {
			isa = PBXGroup;
			children = (
				8633769F28C3AF360031784D /* Vibefy */,
				8633769E28C3AF360031784D /* Products */,
				BE2AB28DEECF4EE06EBB4448 /* Pods */,
				A474B913F3E0E4DB7F12E0D2 /* Frameworks */,
			);
			sourceTree = "<group>";
		};
		8633769E28C3AF360031784D /* Products */ = {
			isa = PBXGroup;
			children = (
				8633769D28C3AF360031784D /* Vibefy.app */,
			);
			name = Products;
			sourceTree = "<group>";
		};
		8633769F28C3AF360031784D /* Vibefy */ = {
			isa = PBXGroup;
			children = (
				863376A028C3AF360031784D /* AppDelegate.swift */,
				863376A228C3AF360031784D /* SceneDelegate.swift */,
				863376B128C3AF370031784D /* Info.plist */,
				863376BA28C3B2160031784D /* SupportingFiles */,
				863376B928C3B17D0031784D /* Controller */,
				863376B728C3B1710031784D /* Model */,
			);
			path = Vibefy;
			sourceTree = "<group>";
		};
		863376B728C3B1710031784D /* Model */ = {
			isa = PBXGroup;
			children = (
				8646303028DB5FC100713BCF /* AppleMusicAPI */,
				27EA1C1D28DA4B2A0011EED3 /* RestByMood.swift */,
				27EA1C1C28DA4B2A0011EED3 /* RestByMood+Restaurants.swift */,
			);
			path = Model;
			sourceTree = "<group>";
		};
		863376B928C3B17D0031784D /* Controller */ = {
			isa = PBXGroup;
			children = (
				27A3B83F28DCE8CF000C8AB9 /* Confirm */,
				27A3B83028DCD99C000C8AB9 /* Details */,
				27A3B82B28DCD222000C8AB9 /* Vibe-Result */,
				27EA1C3D28DA4BA20011EED3 /* onBoarding */,
				27EA1C3C28DA4B9B0011EED3 /* Home */,
				27EA1C3B28DA4B940011EED3 /* Choose */,
				27EA1C3A28DA4B8E0011EED3 /* Loading */,
				27EA1C3928DA4B840011EED3 /* Choice */,
			);
			path = Controller;
			sourceTree = "<group>";
		};
		863376BA28C3B2160031784D /* SupportingFiles */ = {
			isa = PBXGroup;
			children = (
				863376AC28C3AF370031784D /* Assets.xcassets */,
				863376A928C3AF360031784D /* Vibefy.xcdatamodeld */,
				863376AE28C3AF370031784D /* LaunchScreen.storyboard */,
			);
			path = SupportingFiles;
			sourceTree = "<group>";
		};
		8646303028DB5FC100713BCF /* AppleMusicAPI */ = {
			isa = PBXGroup;
			children = (
				27D7CE5528DCFB70006DBD0D /* PlaylistInfo */,
				27A3B7F728DCCE8E000C8AB9 /* Song */,
				27A3B7F628DCCE82000C8AB9 /* Genre */,
				27A3B7F528DCCE76000C8AB9 /* Artist */,
				27A3B7F428DCCE68000C8AB9 /* ArtistInfo */,
				27A3B7F328DCCE62000C8AB9 /* Album */,
				27A3B7F228DCCE59000C8AB9 /* Playlist */,
				27A3B7F028DCCE4B000C8AB9 /* AppleMusicAPI.swift */,
			);
			path = AppleMusicAPI;
			sourceTree = "<group>";
		};
		A474B913F3E0E4DB7F12E0D2 /* Frameworks */ = {
			isa = PBXGroup;
			children = (
				ECDE054F7FEF20FE4AD9B279 /* Pods_Vibefy.framework */,
			);
			name = Frameworks;
			sourceTree = "<group>";
		};
		BE2AB28DEECF4EE06EBB4448 /* Pods */ = {
			isa = PBXGroup;
			children = (
				95296DB9EF7D2E712D1C4D2B /* Pods-Vibefy.debug.xcconfig */,
				94251877188062E6D956B00B /* Pods-Vibefy.release.xcconfig */,
			);
			path = Pods;
			sourceTree = "<group>";
		};
/* End PBXGroup section */

/* Begin PBXNativeTarget section */
		8633769C28C3AF360031784D /* Vibefy */ = {
			isa = PBXNativeTarget;
			buildConfigurationList = 863376B428C3AF370031784D /* Build configuration list for PBXNativeTarget "Vibefy" */;
			buildPhases = (
				C4157E006899C53559B9B09F /* [CP] Check Pods Manifest.lock */,
				8633769928C3AF360031784D /* Sources */,
				8633769A28C3AF360031784D /* Frameworks */,
				8633769B28C3AF360031784D /* Resources */,
			);
			buildRules = (
			);
			dependencies = (
			);
			name = Vibefy;
			productName = Vibefy;
			productReference = 8633769D28C3AF360031784D /* Vibefy.app */;
			productType = "com.apple.product-type.application";
		};
/* End PBXNativeTarget section */

/* Begin PBXProject section */
		8633769528C3AF360031784D /* Project object */ = {
			isa = PBXProject;
			attributes = {
				BuildIndependentTargetsInParallel = 1;
				LastSwiftUpdateCheck = 1340;
				LastUpgradeCheck = 1340;
				TargetAttributes = {
					8633769C28C3AF360031784D = {
						CreatedOnToolsVersion = 13.4.1;
					};
				};
			};
			buildConfigurationList = 8633769828C3AF360031784D /* Build configuration list for PBXProject "Vibefy" */;
			compatibilityVersion = "Xcode 13.0";
			developmentRegion = en;
			hasScannedForEncodings = 0;
			knownRegions = (
				en,
				Base,
			);
			mainGroup = 8633769428C3AF360031784D;
			productRefGroup = 8633769E28C3AF360031784D /* Products */;
			projectDirPath = "";
			projectRoot = "";
			targets = (
				8633769C28C3AF360031784D /* Vibefy */,
			);
		};
/* End PBXProject section */

/* Begin PBXResourcesBuildPhase section */
		8633769B28C3AF360031784D /* Resources */ = {
			isa = PBXResourcesBuildPhase;
			buildActionMask = 2147483647;
			files = (
				863376B028C3AF370031784D /* LaunchScreen.storyboard in Resources */,
				863376AD28C3AF370031784D /* Assets.xcassets in Resources */,
			);
			runOnlyForDeploymentPostprocessing = 0;
		};
/* End PBXResourcesBuildPhase section */

/* Begin PBXShellScriptBuildPhase section */
		C4157E006899C53559B9B09F /* [CP] Check Pods Manifest.lock */ = {
			isa = PBXShellScriptBuildPhase;
			buildActionMask = 2147483647;
			files = (
			);
			inputFileListPaths = (
			);
			inputPaths = (
				"${PODS_PODFILE_DIR_PATH}/Podfile.lock",
				"${PODS_ROOT}/Manifest.lock",
			);
			name = "[CP] Check Pods Manifest.lock";
			outputFileListPaths = (
			);
			outputPaths = (
				"$(DERIVED_FILE_DIR)/Pods-Vibefy-checkManifestLockResult.txt",
			);
			runOnlyForDeploymentPostprocessing = 0;
			shellPath = /bin/sh;
			shellScript = "diff \"${PODS_PODFILE_DIR_PATH}/Podfile.lock\" \"${PODS_ROOT}/Manifest.lock\" > /dev/null\nif [ $? != 0 ] ; then\n    # print error to STDERR\n    echo \"error: The sandbox is not in sync with the Podfile.lock. Run 'pod install' or update your CocoaPods installation.\" >&2\n    exit 1\nfi\n# This output is used by Xcode 'outputs' to avoid re-running this script phase.\necho \"SUCCESS\" > \"${SCRIPT_OUTPUT_FILE_0}\"\n";
			showEnvVarsInLog = 0;
		};
/* End PBXShellScriptBuildPhase section */

/* Begin PBXSourcesBuildPhase section */
		8633769928C3AF360031784D /* Sources */ = {
			isa = PBXSourcesBuildPhase;
			buildActionMask = 2147483647;
			files = (
				27EA1C4928DA4BB40011EED3 /* OnboardingViewController.swift in Sources */,
				27EA1C5628DA4BC50011EED3 /* DragView+UICollectionViewDelegate.swift in Sources */,
				27A3B7FB28DCCED6000C8AB9 /* Playlist.swift in Sources */,
				863376AB28C3AF360031784D /* Vibefy.xcdatamodeld in Sources */,
				27A3B81C28DCCF09000C8AB9 /* SongAttributes.swift in Sources */,
				27EA1C4428DA4BB40011EED3 /* OnboardingViewController+UIPageViewControllerDataSource.swift in Sources */,
				27A3B81628DCCEFF000C8AB9 /* GenreAttributes.swift in Sources */,
				27A3B80528DCCEE1000C8AB9 /* AlbumResponse.swift in Sources */,
				27A3B83728DCD9F7000C8AB9 /* FiltrosCollectionViewCell.swift in Sources */,
				27EA1C4728DA4BB40011EED3 /* OnboardingPageThreeViewController.swift in Sources */,
				27EA1C5128DA4BC50011EED3 /* RecentsCollectionViewCell.swift in Sources */,
				27A3B83928DCD9F7000C8AB9 /* DetailsViewController.swift in Sources */,
				27A3B81028DCCEF8000C8AB9 /* Artist.swift in Sources */,
				27A3B80328DCCEE1000C8AB9 /* AlbumArtWork.swift in Sources */,
				27A3B82928DCCF82000C8AB9 /* PlaylistsCollectionViewCell.swift in Sources */,
				27A3B83E28DCDA4C000C8AB9 /* VibeResultController+UITableViewDelegate.swift in Sources */,
				27EA1C5428DA4BC50011EED3 /* FavoritesCollectionViewCell.swift in Sources */,
				27EA1C2028DA4B2A0011EED3 /* RestByMood.swift in Sources */,
				27A3B80D28DCCEEC000C8AB9 /* ArtistInfo.swift in Sources */,
				27D7CE5928DCFBB0006DBD0D /* PlaylistInfo.swift in Sources */,
				27A3B84128DCE8D9000C8AB9 /* ConfirmViewController.swift in Sources */,
				27A3B82628DCCF82000C8AB9 /* ChoiceView+UICollectionViewDataSource.swift in Sources */,
				27EA1C5B28DA4BED0011EED3 /* ChooseMethodViewController.swift in Sources */,
				27A3B81B28DCCF09000C8AB9 /* Song.swift in Sources */,
				27A3B82A28DCCF82000C8AB9 /* AlbunsCollectionViewCell.swift in Sources */,
				27A3B80228DCCEE1000C8AB9 /* Album.swift in Sources */,
				27A3B7F128DCCE4B000C8AB9 /* AppleMusicAPI.swift in Sources */,
				27A3B7FD28DCCED6000C8AB9 /* PlaylistResponse.swift in Sources */,
				27A3B81D28DCCF09000C8AB9 /* SongResponse.swift in Sources */,
				863376A128C3AF360031784D /* AppDelegate.swift in Sources */,
				27EA1C4528DA4BB40011EED3 /* OnboardingViewController+UIPageViewControllerDelegate.swift in Sources */,
				27A3B82F28DCD28B000C8AB9 /* ResultsTableViewCell.swift in Sources */,
				27A3B82D28DCD25D000C8AB9 /* VibeResultViewController.swift in Sources */,
				27EA1C4628DA4BB40011EED3 /* OnboardingPageTwoViewController.swift in Sources */,
				27A3B82528DCCF82000C8AB9 /* ArtistsCollectionViewCell.swift in Sources */,
				27A3B81128DCCEF8000C8AB9 /* ArtistResponse.swift in Sources */,
				27EA1C5328DA4BC50011EED3 /* HomeViewController.swift in Sources */,
				27A3B80A28DCCEEC000C8AB9 /* ArtistInfoAttributes.swift in Sources */,
				27A3B83828DCD9F7000C8AB9 /* DetailsViewController+CollectionViewDataSource.swift in Sources */,
				27A3B83C28DCDA1A000C8AB9 /* VibeResultViewController+UITableViewDataSource.swift in Sources */,
				27A3B82728DCCF82000C8AB9 /* ChoiceView+UICollectionViewDelegate.swift in Sources */,
				27EA1C5728DA4BC50011EED3 /* DragView.swift in Sources */,
				27EA1C4828DA4BB40011EED3 /* OnboardingPageOneViewController.swift in Sources */,
				27EA1C5528DA4BC50011EED3 /* DragView+UICollectionViewDataSource.swift in Sources */,
				27EA1C1F28DA4B2A0011EED3 /* RestByMood+Restaurants.swift in Sources */,
				27A3B80C28DCCEEC000C8AB9 /* ArtistInfoResponse.swift in Sources */,
				27D7CE5B28DCFC13006DBD0D /* PlaylistInfoAttributes.swift in Sources */,
				27A3B80428DCCEE1000C8AB9 /* AlbumAttributes.swift in Sources */,
				27A3B80B28DCCEEC000C8AB9 /* ArtistInfoAttributesArtWork.swift in Sources */,
				27A3B81728DCCEFF000C8AB9 /* GenreResponse.swift in Sources */,
				27A3B81528DCCEFF000C8AB9 /* Genre.swift in Sources */,
				27EA1C5228DA4BC50011EED3 /* DragViewDelegate.swift in Sources */,
				27EA1C5D28DA4BFF0011EED3 /* LoadingPageViewController.swift in Sources */,
				27D7CE5728DCFB84006DBD0D /* PlaylistInfoResponse.swift in Sources */,
				27A3B83A28DCD9F7000C8AB9 /* ImagesCollectionViewCell.swift in Sources */,
				27A3B7FC28DCCED6000C8AB9 /* PlaylistAttributes.swift in Sources */,
				27A3B83628DCD9F7000C8AB9 /* DetailsViewController+CollectionViewDelegate.swift in Sources */,
				863376A328C3AF360031784D /* SceneDelegate.swift in Sources */,
				27A3B82828DCCF82000C8AB9 /* ChoiceViewController.swift in Sources */,
			);
			runOnlyForDeploymentPostprocessing = 0;
		};
/* End PBXSourcesBuildPhase section */

/* Begin PBXVariantGroup section */
		863376AE28C3AF370031784D /* LaunchScreen.storyboard */ = {
			isa = PBXVariantGroup;
			children = (
				863376AF28C3AF370031784D /* Base */,
			);
			name = LaunchScreen.storyboard;
			sourceTree = "<group>";
		};
/* End PBXVariantGroup section */

/* Begin XCBuildConfiguration section */
		863376B228C3AF370031784D /* Debug */ = {
			isa = XCBuildConfiguration;
			buildSettings = {
				ALWAYS_SEARCH_USER_PATHS = NO;
				CLANG_ANALYZER_NONNULL = YES;
				CLANG_ANALYZER_NUMBER_OBJECT_CONVERSION = YES_AGGRESSIVE;
				CLANG_CXX_LANGUAGE_STANDARD = "gnu++17";
				CLANG_ENABLE_MODULES = YES;
				CLANG_ENABLE_OBJC_ARC = YES;
				CLANG_ENABLE_OBJC_WEAK = YES;
				CLANG_WARN_BLOCK_CAPTURE_AUTORELEASING = YES;
				CLANG_WARN_BOOL_CONVERSION = YES;
				CLANG_WARN_COMMA = YES;
				CLANG_WARN_CONSTANT_CONVERSION = YES;
				CLANG_WARN_DEPRECATED_OBJC_IMPLEMENTATIONS = YES;
				CLANG_WARN_DIRECT_OBJC_ISA_USAGE = YES_ERROR;
				CLANG_WARN_DOCUMENTATION_COMMENTS = YES;
				CLANG_WARN_EMPTY_BODY = YES;
				CLANG_WARN_ENUM_CONVERSION = YES;
				CLANG_WARN_INFINITE_RECURSION = YES;
				CLANG_WARN_INT_CONVERSION = YES;
				CLANG_WARN_NON_LITERAL_NULL_CONVERSION = YES;
				CLANG_WARN_OBJC_IMPLICIT_RETAIN_SELF = YES;
				CLANG_WARN_OBJC_LITERAL_CONVERSION = YES;
				CLANG_WARN_OBJC_ROOT_CLASS = YES_ERROR;
				CLANG_WARN_QUOTED_INCLUDE_IN_FRAMEWORK_HEADER = YES;
				CLANG_WARN_RANGE_LOOP_ANALYSIS = YES;
				CLANG_WARN_STRICT_PROTOTYPES = YES;
				CLANG_WARN_SUSPICIOUS_MOVE = YES;
				CLANG_WARN_UNGUARDED_AVAILABILITY = YES_AGGRESSIVE;
				CLANG_WARN_UNREACHABLE_CODE = YES;
				CLANG_WARN__DUPLICATE_METHOD_MATCH = YES;
				COPY_PHASE_STRIP = NO;
				DEBUG_INFORMATION_FORMAT = dwarf;
				ENABLE_STRICT_OBJC_MSGSEND = YES;
				ENABLE_TESTABILITY = YES;
				GCC_C_LANGUAGE_STANDARD = gnu11;
				GCC_DYNAMIC_NO_PIC = NO;
				GCC_NO_COMMON_BLOCKS = YES;
				GCC_OPTIMIZATION_LEVEL = 0;
				GCC_PREPROCESSOR_DEFINITIONS = (
					"DEBUG=1",
					"$(inherited)",
				);
				GCC_WARN_64_TO_32_BIT_CONVERSION = YES;
				GCC_WARN_ABOUT_RETURN_TYPE = YES_ERROR;
				GCC_WARN_UNDECLARED_SELECTOR = YES;
				GCC_WARN_UNINITIALIZED_AUTOS = YES_AGGRESSIVE;
				GCC_WARN_UNUSED_FUNCTION = YES;
				GCC_WARN_UNUSED_VARIABLE = YES;
				IPHONEOS_DEPLOYMENT_TARGET = 15.5;
				MTL_ENABLE_DEBUG_INFO = INCLUDE_SOURCE;
				MTL_FAST_MATH = YES;
				ONLY_ACTIVE_ARCH = YES;
				SDKROOT = iphoneos;
				SWIFT_ACTIVE_COMPILATION_CONDITIONS = DEBUG;
				SWIFT_OPTIMIZATION_LEVEL = "-Onone";
			};
			name = Debug;
		};
		863376B328C3AF370031784D /* Release */ = {
			isa = XCBuildConfiguration;
			buildSettings = {
				ALWAYS_SEARCH_USER_PATHS = NO;
				CLANG_ANALYZER_NONNULL = YES;
				CLANG_ANALYZER_NUMBER_OBJECT_CONVERSION = YES_AGGRESSIVE;
				CLANG_CXX_LANGUAGE_STANDARD = "gnu++17";
				CLANG_ENABLE_MODULES = YES;
				CLANG_ENABLE_OBJC_ARC = YES;
				CLANG_ENABLE_OBJC_WEAK = YES;
				CLANG_WARN_BLOCK_CAPTURE_AUTORELEASING = YES;
				CLANG_WARN_BOOL_CONVERSION = YES;
				CLANG_WARN_COMMA = YES;
				CLANG_WARN_CONSTANT_CONVERSION = YES;
				CLANG_WARN_DEPRECATED_OBJC_IMPLEMENTATIONS = YES;
				CLANG_WARN_DIRECT_OBJC_ISA_USAGE = YES_ERROR;
				CLANG_WARN_DOCUMENTATION_COMMENTS = YES;
				CLANG_WARN_EMPTY_BODY = YES;
				CLANG_WARN_ENUM_CONVERSION = YES;
				CLANG_WARN_INFINITE_RECURSION = YES;
				CLANG_WARN_INT_CONVERSION = YES;
				CLANG_WARN_NON_LITERAL_NULL_CONVERSION = YES;
				CLANG_WARN_OBJC_IMPLICIT_RETAIN_SELF = YES;
				CLANG_WARN_OBJC_LITERAL_CONVERSION = YES;
				CLANG_WARN_OBJC_ROOT_CLASS = YES_ERROR;
				CLANG_WARN_QUOTED_INCLUDE_IN_FRAMEWORK_HEADER = YES;
				CLANG_WARN_RANGE_LOOP_ANALYSIS = YES;
				CLANG_WARN_STRICT_PROTOTYPES = YES;
				CLANG_WARN_SUSPICIOUS_MOVE = YES;
				CLANG_WARN_UNGUARDED_AVAILABILITY = YES_AGGRESSIVE;
				CLANG_WARN_UNREACHABLE_CODE = YES;
				CLANG_WARN__DUPLICATE_METHOD_MATCH = YES;
				COPY_PHASE_STRIP = NO;
				DEBUG_INFORMATION_FORMAT = "dwarf-with-dsym";
				ENABLE_NS_ASSERTIONS = NO;
				ENABLE_STRICT_OBJC_MSGSEND = YES;
				GCC_C_LANGUAGE_STANDARD = gnu11;
				GCC_NO_COMMON_BLOCKS = YES;
				GCC_WARN_64_TO_32_BIT_CONVERSION = YES;
				GCC_WARN_ABOUT_RETURN_TYPE = YES_ERROR;
				GCC_WARN_UNDECLARED_SELECTOR = YES;
				GCC_WARN_UNINITIALIZED_AUTOS = YES_AGGRESSIVE;
				GCC_WARN_UNUSED_FUNCTION = YES;
				GCC_WARN_UNUSED_VARIABLE = YES;
				IPHONEOS_DEPLOYMENT_TARGET = 15.5;
				MTL_ENABLE_DEBUG_INFO = NO;
				MTL_FAST_MATH = YES;
				SDKROOT = iphoneos;
				SWIFT_COMPILATION_MODE = wholemodule;
				SWIFT_OPTIMIZATION_LEVEL = "-O";
				VALIDATE_PRODUCT = YES;
			};
			name = Release;
		};
		863376B528C3AF370031784D /* Debug */ = {
			isa = XCBuildConfiguration;
			baseConfigurationReference = 95296DB9EF7D2E712D1C4D2B /* Pods-Vibefy.debug.xcconfig */;
			buildSettings = {
				ASSETCATALOG_COMPILER_APPICON_NAME = AppIcon;
				ASSETCATALOG_COMPILER_GLOBAL_ACCENT_COLOR_NAME = AccentColor;
				CODE_SIGN_STYLE = Automatic;
				CURRENT_PROJECT_VERSION = 1;
				DEVELOPMENT_TEAM = V8K8MHSNH4;
				GENERATE_INFOPLIST_FILE = YES;
				INFOPLIST_FILE = Vibefy/Info.plist;
				INFOPLIST_KEY_UIApplicationSupportsIndirectInputEvents = YES;
				INFOPLIST_KEY_UILaunchStoryboardName = LaunchScreen;
				INFOPLIST_KEY_UISupportedInterfaceOrientations_iPad = "UIInterfaceOrientationPortrait UIInterfaceOrientationPortraitUpsideDown UIInterfaceOrientationLandscapeLeft UIInterfaceOrientationLandscapeRight";
				INFOPLIST_KEY_UISupportedInterfaceOrientations_iPhone = "UIInterfaceOrientationPortrait UIInterfaceOrientationLandscapeLeft UIInterfaceOrientationLandscapeRight";
				LD_RUNPATH_SEARCH_PATHS = (
					"$(inherited)",
					"@executable_path/Frameworks",
				);
				MARKETING_VERSION = 1.0;
				PRODUCT_BUNDLE_IDENTIFIER = br.ufpe.cin.academy.Vibefy;
				PRODUCT_NAME = "$(TARGET_NAME)";
				SWIFT_EMIT_LOC_STRINGS = YES;
				SWIFT_VERSION = 5.0;
				TARGETED_DEVICE_FAMILY = "1,2";
			};
			name = Debug;
		};
		863376B628C3AF370031784D /* Release */ = {
			isa = XCBuildConfiguration;
			baseConfigurationReference = 94251877188062E6D956B00B /* Pods-Vibefy.release.xcconfig */;
			buildSettings = {
				ASSETCATALOG_COMPILER_APPICON_NAME = AppIcon;
				ASSETCATALOG_COMPILER_GLOBAL_ACCENT_COLOR_NAME = AccentColor;
				CODE_SIGN_STYLE = Automatic;
				CURRENT_PROJECT_VERSION = 1;
				DEVELOPMENT_TEAM = V8K8MHSNH4;
				GENERATE_INFOPLIST_FILE = YES;
				INFOPLIST_FILE = Vibefy/Info.plist;
				INFOPLIST_KEY_UIApplicationSupportsIndirectInputEvents = YES;
				INFOPLIST_KEY_UILaunchStoryboardName = LaunchScreen;
				INFOPLIST_KEY_UISupportedInterfaceOrientations_iPad = "UIInterfaceOrientationPortrait UIInterfaceOrientationPortraitUpsideDown UIInterfaceOrientationLandscapeLeft UIInterfaceOrientationLandscapeRight";
				INFOPLIST_KEY_UISupportedInterfaceOrientations_iPhone = "UIInterfaceOrientationPortrait UIInterfaceOrientationLandscapeLeft UIInterfaceOrientationLandscapeRight";
				LD_RUNPATH_SEARCH_PATHS = (
					"$(inherited)",
					"@executable_path/Frameworks",
				);
				MARKETING_VERSION = 1.0;
				PRODUCT_BUNDLE_IDENTIFIER = br.ufpe.cin.academy.Vibefy;
				PRODUCT_NAME = "$(TARGET_NAME)";
				SWIFT_EMIT_LOC_STRINGS = YES;
				SWIFT_VERSION = 5.0;
				TARGETED_DEVICE_FAMILY = "1,2";
			};
			name = Release;
		};
/* End XCBuildConfiguration section */

/* Begin XCConfigurationList section */
		8633769828C3AF360031784D /* Build configuration list for PBXProject "Vibefy" */ = {
			isa = XCConfigurationList;
			buildConfigurations = (
				863376B228C3AF370031784D /* Debug */,
				863376B328C3AF370031784D /* Release */,
			);
			defaultConfigurationIsVisible = 0;
			defaultConfigurationName = Release;
		};
		863376B428C3AF370031784D /* Build configuration list for PBXNativeTarget "Vibefy" */ = {
			isa = XCConfigurationList;
			buildConfigurations = (
				863376B528C3AF370031784D /* Debug */,
				863376B628C3AF370031784D /* Release */,
			);
			defaultConfigurationIsVisible = 0;
			defaultConfigurationName = Release;
		};
/* End XCConfigurationList section */

/* Begin XCVersionGroup section */
		863376A928C3AF360031784D /* Vibefy.xcdatamodeld */ = {
			isa = XCVersionGroup;
			children = (
				863376AA28C3AF360031784D /* Vibefy.xcdatamodel */,
			);
			currentVersion = 863376AA28C3AF360031784D /* Vibefy.xcdatamodel */;
			path = Vibefy.xcdatamodeld;
			sourceTree = "<group>";
			versionGroupType = wrapper.xcdatamodel;
		};
/* End XCVersionGroup section */
	};
	rootObject = 8633769528C3AF360031784D /* Project object */;
}
