// !$*UTF8*$!
{
	archiveVersion = 1;
	classes = {
	};
	objectVersion = 55;
	objects = {

/* Begin PBXBuildFile section */
		0EA734AD52A3B8FA8B9C751F /* Pods_Vibefy.framework in Frameworks */ = {isa = PBXBuildFile; fileRef = ECDE054F7FEF20FE4AD9B279 /* Pods_Vibefy.framework */; };
		863376A128C3AF360031784D /* AppDelegate.swift in Sources */ = {isa = PBXBuildFile; fileRef = 863376A028C3AF360031784D /* AppDelegate.swift */; };
		863376A328C3AF360031784D /* SceneDelegate.swift in Sources */ = {isa = PBXBuildFile; fileRef = 863376A228C3AF360031784D /* SceneDelegate.swift */; };
		863376A528C3AF360031784D /* OnboardingViewController.swift in Sources */ = {isa = PBXBuildFile; fileRef = 863376A428C3AF360031784D /* OnboardingViewController.swift */; };
		863376AB28C3AF360031784D /* Vibefy.xcdatamodeld in Sources */ = {isa = PBXBuildFile; fileRef = 863376A928C3AF360031784D /* Vibefy.xcdatamodeld */; };
		863376AD28C3AF370031784D /* Assets.xcassets in Resources */ = {isa = PBXBuildFile; fileRef = 863376AC28C3AF370031784D /* Assets.xcassets */; };
		863376B028C3AF370031784D /* LaunchScreen.storyboard in Resources */ = {isa = PBXBuildFile; fileRef = 863376AE28C3AF370031784D /* LaunchScreen.storyboard */; };
		863376BC28C3B3810031784D /* view.swift in Sources */ = {isa = PBXBuildFile; fileRef = 863376BB28C3B3810031784D /* view.swift */; };
		863376BE28C3B38A0031784D /* model.swift in Sources */ = {isa = PBXBuildFile; fileRef = 863376BD28C3B38A0031784D /* model.swift */; };
		8664228928D0F768007C954A /* DragView+UICollectionViewDataSource.swift in Sources */ = {isa = PBXBuildFile; fileRef = 8664228828D0F768007C954A /* DragView+UICollectionViewDataSource.swift */; };
		8664228B28D0F779007C954A /* DragView+UICollectionViewDelegate.swift in Sources */ = {isa = PBXBuildFile; fileRef = 8664228A28D0F779007C954A /* DragView+UICollectionViewDelegate.swift */; };
		8664228D28D0FA68007C954A /* RecentsCollectionViewCell.swift in Sources */ = {isa = PBXBuildFile; fileRef = 8664228C28D0FA68007C954A /* RecentsCollectionViewCell.swift */; };
		8664228F28D25509007C954A /* DragViewDelegate.swift in Sources */ = {isa = PBXBuildFile; fileRef = 8664228E28D25509007C954A /* DragViewDelegate.swift */; };
		8670E6B028C3E43D00D3A2F3 /* OnboardingPageThreeViewController.swift in Sources */ = {isa = PBXBuildFile; fileRef = 8670E6AB28C3E43D00D3A2F3 /* OnboardingPageThreeViewController.swift */; };
		8670E6B128C3E43D00D3A2F3 /* OnboardingViewController+UIPageViewControllerDataSource.swift in Sources */ = {isa = PBXBuildFile; fileRef = 8670E6AC28C3E43D00D3A2F3 /* OnboardingViewController+UIPageViewControllerDataSource.swift */; };
		8670E6B228C3E43D00D3A2F3 /* OnboardingPageOneViewController.swift in Sources */ = {isa = PBXBuildFile; fileRef = 8670E6AD28C3E43D00D3A2F3 /* OnboardingPageOneViewController.swift */; };
		8670E6B328C3E43D00D3A2F3 /* OnboardingViewController+UIPageViewControllerDelegate.swift in Sources */ = {isa = PBXBuildFile; fileRef = 8670E6AE28C3E43D00D3A2F3 /* OnboardingViewController+UIPageViewControllerDelegate.swift */; };
		8670E6B428C3E43D00D3A2F3 /* OnboardingPageTwoViewController.swift in Sources */ = {isa = PBXBuildFile; fileRef = 8670E6AF28C3E43D00D3A2F3 /* OnboardingPageTwoViewController.swift */; };
		86BA6B6F28CFCC3C00635C39 /* DragView.swift in Sources */ = {isa = PBXBuildFile; fileRef = 86BA6B6E28CFCC3C00635C39 /* DragView.swift */; };
		86E7CC3B28C530EB00B23DC2 /* OnboardingPageFourViewController.swift in Sources */ = {isa = PBXBuildFile; fileRef = 86E7CC3A28C530EB00B23DC2 /* OnboardingPageFourViewController.swift */; };
		86E7CC3D28C536BD00B23DC2 /* HomeViewController.swift in Sources */ = {isa = PBXBuildFile; fileRef = 86E7CC3C28C536BD00B23DC2 /* HomeViewController.swift */; };
/* End PBXBuildFile section */

/* Begin PBXFileReference section */
		8633769D28C3AF360031784D /* Vibefy.app */ = {isa = PBXFileReference; explicitFileType = wrapper.application; includeInIndex = 0; path = Vibefy.app; sourceTree = BUILT_PRODUCTS_DIR; };
		863376A028C3AF360031784D /* AppDelegate.swift */ = {isa = PBXFileReference; lastKnownFileType = sourcecode.swift; path = AppDelegate.swift; sourceTree = "<group>"; };
		863376A228C3AF360031784D /* SceneDelegate.swift */ = {isa = PBXFileReference; lastKnownFileType = sourcecode.swift; path = SceneDelegate.swift; sourceTree = "<group>"; };
		863376A428C3AF360031784D /* OnboardingViewController.swift */ = {isa = PBXFileReference; lastKnownFileType = sourcecode.swift; path = OnboardingViewController.swift; sourceTree = "<group>"; };
		863376AA28C3AF360031784D /* Vibefy.xcdatamodel */ = {isa = PBXFileReference; lastKnownFileType = wrapper.xcdatamodel; path = Vibefy.xcdatamodel; sourceTree = "<group>"; };
		863376AC28C3AF370031784D /* Assets.xcassets */ = {isa = PBXFileReference; lastKnownFileType = folder.assetcatalog; path = Assets.xcassets; sourceTree = "<group>"; };
		863376AF28C3AF370031784D /* Base */ = {isa = PBXFileReference; lastKnownFileType = file.storyboard; name = Base; path = Base.lproj/LaunchScreen.storyboard; sourceTree = "<group>"; };
		863376B128C3AF370031784D /* Info.plist */ = {isa = PBXFileReference; lastKnownFileType = text.plist.xml; path = Info.plist; sourceTree = "<group>"; };
		863376BB28C3B3810031784D /* view.swift */ = {isa = PBXFileReference; lastKnownFileType = sourcecode.swift; path = view.swift; sourceTree = "<group>"; };
		863376BD28C3B38A0031784D /* model.swift */ = {isa = PBXFileReference; lastKnownFileType = sourcecode.swift; path = model.swift; sourceTree = "<group>"; };
		8664228828D0F768007C954A /* DragView+UICollectionViewDataSource.swift */ = {isa = PBXFileReference; lastKnownFileType = sourcecode.swift; path = "DragView+UICollectionViewDataSource.swift"; sourceTree = "<group>"; };
		8664228A28D0F779007C954A /* DragView+UICollectionViewDelegate.swift */ = {isa = PBXFileReference; lastKnownFileType = sourcecode.swift; path = "DragView+UICollectionViewDelegate.swift"; sourceTree = "<group>"; };
		8664228C28D0FA68007C954A /* RecentsCollectionViewCell.swift */ = {isa = PBXFileReference; lastKnownFileType = sourcecode.swift; path = RecentsCollectionViewCell.swift; sourceTree = "<group>"; };
		8664228E28D25509007C954A /* DragViewDelegate.swift */ = {isa = PBXFileReference; lastKnownFileType = sourcecode.swift; path = DragViewDelegate.swift; sourceTree = "<group>"; };
		8670E6AB28C3E43D00D3A2F3 /* OnboardingPageThreeViewController.swift */ = {isa = PBXFileReference; fileEncoding = 4; lastKnownFileType = sourcecode.swift; path = OnboardingPageThreeViewController.swift; sourceTree = "<group>"; };
		8670E6AC28C3E43D00D3A2F3 /* OnboardingViewController+UIPageViewControllerDataSource.swift */ = {isa = PBXFileReference; fileEncoding = 4; lastKnownFileType = sourcecode.swift; path = "OnboardingViewController+UIPageViewControllerDataSource.swift"; sourceTree = "<group>"; };
		8670E6AD28C3E43D00D3A2F3 /* OnboardingPageOneViewController.swift */ = {isa = PBXFileReference; fileEncoding = 4; lastKnownFileType = sourcecode.swift; path = OnboardingPageOneViewController.swift; sourceTree = "<group>"; };
		8670E6AE28C3E43D00D3A2F3 /* OnboardingViewController+UIPageViewControllerDelegate.swift */ = {isa = PBXFileReference; fileEncoding = 4; lastKnownFileType = sourcecode.swift; path = "OnboardingViewController+UIPageViewControllerDelegate.swift"; sourceTree = "<group>"; };
		8670E6AF28C3E43D00D3A2F3 /* OnboardingPageTwoViewController.swift */ = {isa = PBXFileReference; fileEncoding = 4; lastKnownFileType = sourcecode.swift; path = OnboardingPageTwoViewController.swift; sourceTree = "<group>"; };
		86BA6B6E28CFCC3C00635C39 /* DragView.swift */ = {isa = PBXFileReference; lastKnownFileType = sourcecode.swift; path = DragView.swift; sourceTree = "<group>"; };
		86E7CC3A28C530EB00B23DC2 /* OnboardingPageFourViewController.swift */ = {isa = PBXFileReference; lastKnownFileType = sourcecode.swift; path = OnboardingPageFourViewController.swift; sourceTree = "<group>"; };
		86E7CC3C28C536BD00B23DC2 /* HomeViewController.swift */ = {isa = PBXFileReference; lastKnownFileType = sourcecode.swift; path = HomeViewController.swift; sourceTree = "<group>"; };
		94251877188062E6D956B00B /* Pods-Vibefy.release.xcconfig */ = {isa = PBXFileReference; includeInIndex = 1; lastKnownFileType = text.xcconfig; name = "Pods-Vibefy.release.xcconfig"; path = "Target Support Files/Pods-Vibefy/Pods-Vibefy.release.xcconfig"; sourceTree = "<group>"; };
		95296DB9EF7D2E712D1C4D2B /* Pods-Vibefy.debug.xcconfig */ = {isa = PBXFileReference; includeInIndex = 1; lastKnownFileType = text.xcconfig; name = "Pods-Vibefy.debug.xcconfig"; path = "Target Support Files/Pods-Vibefy/Pods-Vibefy.debug.xcconfig"; sourceTree = "<group>"; };
		ECDE054F7FEF20FE4AD9B279 /* Pods_Vibefy.framework */ = {isa = PBXFileReference; explicitFileType = wrapper.framework; includeInIndex = 0; path = Pods_Vibefy.framework; sourceTree = BUILT_PRODUCTS_DIR; };
/* End PBXFileReference section */

/* Begin PBXFrameworksBuildPhase section */
		8633769A28C3AF360031784D /* Frameworks */ = {
			isa = PBXFrameworksBuildPhase;
			buildActionMask = 2147483647;
			files = (
				0EA734AD52A3B8FA8B9C751F /* Pods_Vibefy.framework in Frameworks */,
			);
			runOnlyForDeploymentPostprocessing = 0;
		};
/* End PBXFrameworksBuildPhase section */

/* Begin PBXGroup section */
		8633769428C3AF360031784D = {
			isa = PBXGroup;
			children = (
				8633769F28C3AF360031784D /* Vibefy */,
				8633769E28C3AF360031784D /* Products */,
				BE2AB28DEECF4EE06EBB4448 /* Pods */,
				A474B913F3E0E4DB7F12E0D2 /* Frameworks */,
			);
			sourceTree = "<group>";
		};
		8633769E28C3AF360031784D /* Products */ = {
			isa = PBXGroup;
			children = (
				8633769D28C3AF360031784D /* Vibefy.app */,
			);
			name = Products;
			sourceTree = "<group>";
		};
		8633769F28C3AF360031784D /* Vibefy */ = {
			isa = PBXGroup;
			children = (
				863376A028C3AF360031784D /* AppDelegate.swift */,
				863376A228C3AF360031784D /* SceneDelegate.swift */,
				863376B128C3AF370031784D /* Info.plist */,
				863376BA28C3B2160031784D /* SupportingFiles */,
				863376B928C3B17D0031784D /* Controller */,
				863376B828C3B1780031784D /* View */,
				863376B728C3B1710031784D /* Model */,
			);
			path = Vibefy;
			sourceTree = "<group>";
		};
		863376B728C3B1710031784D /* Model */ = {
			isa = PBXGroup;
			children = (
				863376BD28C3B38A0031784D /* model.swift */,
			);
			path = Model;
			sourceTree = "<group>";
		};
		863376B828C3B1780031784D /* View */ = {
			isa = PBXGroup;
			children = (
				863376BB28C3B3810031784D /* view.swift */,
			);
			path = View;
			sourceTree = "<group>";
		};
		863376B928C3B17D0031784D /* Controller */ = {
			isa = PBXGroup;
			children = (
				86E7CC3928C530DD00B23DC2 /* Home */,
				8670E6AA28C3E3FD00D3A2F3 /* Onboarding */,
			);
			path = Controller;
			sourceTree = "<group>";
		};
		863376BA28C3B2160031784D /* SupportingFiles */ = {
			isa = PBXGroup;
			children = (
				863376AC28C3AF370031784D /* Assets.xcassets */,
				863376A928C3AF360031784D /* Vibefy.xcdatamodeld */,
				863376AE28C3AF370031784D /* LaunchScreen.storyboard */,
			);
			path = SupportingFiles;
			sourceTree = "<group>";
		};
		8670E6AA28C3E3FD00D3A2F3 /* Onboarding */ = {
			isa = PBXGroup;
			children = (
				863376A428C3AF360031784D /* OnboardingViewController.swift */,
				8670E6AD28C3E43D00D3A2F3 /* OnboardingPageOneViewController.swift */,
				8670E6AF28C3E43D00D3A2F3 /* OnboardingPageTwoViewController.swift */,
				8670E6AB28C3E43D00D3A2F3 /* OnboardingPageThreeViewController.swift */,
				86E7CC3A28C530EB00B23DC2 /* OnboardingPageFourViewController.swift */,
				8670E6AC28C3E43D00D3A2F3 /* OnboardingViewController+UIPageViewControllerDataSource.swift */,
				8670E6AE28C3E43D00D3A2F3 /* OnboardingViewController+UIPageViewControllerDelegate.swift */,
			);
			path = Onboarding;
			sourceTree = "<group>";
		};
		86E7CC3928C530DD00B23DC2 /* Home */ = {
			isa = PBXGroup;
			children = (
				86E7CC3C28C536BD00B23DC2 /* HomeViewController.swift */,
				86BA6B6E28CFCC3C00635C39 /* DragView.swift */,
				8664228C28D0FA68007C954A /* RecentsCollectionViewCell.swift */,
				8664228828D0F768007C954A /* DragView+UICollectionViewDataSource.swift */,
				8664228A28D0F779007C954A /* DragView+UICollectionViewDelegate.swift */,
				8664228E28D25509007C954A /* DragViewDelegate.swift */,
			);
			path = Home;
			sourceTree = "<group>";
		};
		A474B913F3E0E4DB7F12E0D2 /* Frameworks */ = {
			isa = PBXGroup;
			children = (
				ECDE054F7FEF20FE4AD9B279 /* Pods_Vibefy.framework */,
			);
			name = Frameworks;
			sourceTree = "<group>";
		};
		BE2AB28DEECF4EE06EBB4448 /* Pods */ = {
			isa = PBXGroup;
			children = (
				95296DB9EF7D2E712D1C4D2B /* Pods-Vibefy.debug.xcconfig */,
				94251877188062E6D956B00B /* Pods-Vibefy.release.xcconfig */,
			);
			path = Pods;
			sourceTree = "<group>";
		};
/* End PBXGroup section */

/* Begin PBXNativeTarget section */
		8633769C28C3AF360031784D /* Vibefy */ = {
			isa = PBXNativeTarget;
			buildConfigurationList = 863376B428C3AF370031784D /* Build configuration list for PBXNativeTarget "Vibefy" */;
			buildPhases = (
				C4157E006899C53559B9B09F /* [CP] Check Pods Manifest.lock */,
				8633769928C3AF360031784D /* Sources */,
				8633769A28C3AF360031784D /* Frameworks */,
				8633769B28C3AF360031784D /* Resources */,
			);
			buildRules = (
			);
			dependencies = (
			);
			name = Vibefy;
			productName = Vibefy;
			productReference = 8633769D28C3AF360031784D /* Vibefy.app */;
			productType = "com.apple.product-type.application";
		};
/* End PBXNativeTarget section */

/* Begin PBXProject section */
		8633769528C3AF360031784D /* Project object */ = {
			isa = PBXProject;
			attributes = {
				BuildIndependentTargetsInParallel = 1;
				LastSwiftUpdateCheck = 1340;
				LastUpgradeCheck = 1340;
				TargetAttributes = {
					8633769C28C3AF360031784D = {
						CreatedOnToolsVersion = 13.4.1;
					};
				};
			};
			buildConfigurationList = 8633769828C3AF360031784D /* Build configuration list for PBXProject "Vibefy" */;
			compatibilityVersion = "Xcode 13.0";
			developmentRegion = en;
			hasScannedForEncodings = 0;
			knownRegions = (
				en,
				Base,
			);
			mainGroup = 8633769428C3AF360031784D;
			productRefGroup = 8633769E28C3AF360031784D /* Products */;
			projectDirPath = "";
			projectRoot = "";
			targets = (
				8633769C28C3AF360031784D /* Vibefy */,
			);
		};
/* End PBXProject section */

/* Begin PBXResourcesBuildPhase section */
		8633769B28C3AF360031784D /* Resources */ = {
			isa = PBXResourcesBuildPhase;
			buildActionMask = 2147483647;
			files = (
				863376B028C3AF370031784D /* LaunchScreen.storyboard in Resources */,
				863376AD28C3AF370031784D /* Assets.xcassets in Resources */,
			);
			runOnlyForDeploymentPostprocessing = 0;
		};
/* End PBXResourcesBuildPhase section */

/* Begin PBXShellScriptBuildPhase section */
		C4157E006899C53559B9B09F /* [CP] Check Pods Manifest.lock */ = {
			isa = PBXShellScriptBuildPhase;
			buildActionMask = 2147483647;
			files = (
			);
			inputFileListPaths = (
			);
			inputPaths = (
				"${PODS_PODFILE_DIR_PATH}/Podfile.lock",
				"${PODS_ROOT}/Manifest.lock",
			);
			name = "[CP] Check Pods Manifest.lock";
			outputFileListPaths = (
			);
			outputPaths = (
				"$(DERIVED_FILE_DIR)/Pods-Vibefy-checkManifestLockResult.txt",
			);
			runOnlyForDeploymentPostprocessing = 0;
			shellPath = /bin/sh;
			shellScript = "diff \"${PODS_PODFILE_DIR_PATH}/Podfile.lock\" \"${PODS_ROOT}/Manifest.lock\" > /dev/null\nif [ $? != 0 ] ; then\n    # print error to STDERR\n    echo \"error: The sandbox is not in sync with the Podfile.lock. Run 'pod install' or update your CocoaPods installation.\" >&2\n    exit 1\nfi\n# This output is used by Xcode 'outputs' to avoid re-running this script phase.\necho \"SUCCESS\" > \"${SCRIPT_OUTPUT_FILE_0}\"\n";
			showEnvVarsInLog = 0;
		};
/* End PBXShellScriptBuildPhase section */

/* Begin PBXSourcesBuildPhase section */
		8633769928C3AF360031784D /* Sources */ = {
			isa = PBXSourcesBuildPhase;
			buildActionMask = 2147483647;
			files = (
				8670E6B228C3E43D00D3A2F3 /* OnboardingPageOneViewController.swift in Sources */,
				863376AB28C3AF360031784D /* Vibefy.xcdatamodeld in Sources */,
				8664228928D0F768007C954A /* DragView+UICollectionViewDataSource.swift in Sources */,
				8670E6B028C3E43D00D3A2F3 /* OnboardingPageThreeViewController.swift in Sources */,
				8670E6B428C3E43D00D3A2F3 /* OnboardingPageTwoViewController.swift in Sources */,
				8670E6B128C3E43D00D3A2F3 /* OnboardingViewController+UIPageViewControllerDataSource.swift in Sources */,
				8664228B28D0F779007C954A /* DragView+UICollectionViewDelegate.swift in Sources */,
				863376BE28C3B38A0031784D /* model.swift in Sources */,
				863376A528C3AF360031784D /* OnboardingViewController.swift in Sources */,
				863376A128C3AF360031784D /* AppDelegate.swift in Sources */,
				863376BC28C3B3810031784D /* view.swift in Sources */,
				8664228D28D0FA68007C954A /* RecentsCollectionViewCell.swift in Sources */,
				8670E6B328C3E43D00D3A2F3 /* OnboardingViewController+UIPageViewControllerDelegate.swift in Sources */,
				8664228F28D25509007C954A /* DragViewDelegate.swift in Sources */,
				863376A328C3AF360031784D /* SceneDelegate.swift in Sources */,
				86E7CC3D28C536BD00B23DC2 /* HomeViewController.swift in Sources */,
				86E7CC3B28C530EB00B23DC2 /* OnboardingPageFourViewController.swift in Sources */,
				86BA6B6F28CFCC3C00635C39 /* DragView.swift in Sources */,
			);
			runOnlyForDeploymentPostprocessing = 0;
		};
/* End PBXSourcesBuildPhase section */

/* Begin PBXVariantGroup section */
		863376AE28C3AF370031784D /* LaunchScreen.storyboard */ = {
			isa = PBXVariantGroup;
			children = (
				863376AF28C3AF370031784D /* Base */,
			);
			name = LaunchScreen.storyboard;
			sourceTree = "<group>";
		};
/* End PBXVariantGroup section */

/* Begin XCBuildConfiguration section */
		863376B228C3AF370031784D /* Debug */ = {
			isa = XCBuildConfiguration;
			buildSettings = {
				ALWAYS_SEARCH_USER_PATHS = NO;
				CLANG_ANALYZER_NONNULL = YES;
				CLANG_ANALYZER_NUMBER_OBJECT_CONVERSION = YES_AGGRESSIVE;
				CLANG_CXX_LANGUAGE_STANDARD = "gnu++17";
				CLANG_ENABLE_MODULES = YES;
				CLANG_ENABLE_OBJC_ARC = YES;
				CLANG_ENABLE_OBJC_WEAK = YES;
				CLANG_WARN_BLOCK_CAPTURE_AUTORELEASING = YES;
				CLANG_WARN_BOOL_CONVERSION = YES;
				CLANG_WARN_COMMA = YES;
				CLANG_WARN_CONSTANT_CONVERSION = YES;
				CLANG_WARN_DEPRECATED_OBJC_IMPLEMENTATIONS = YES;
				CLANG_WARN_DIRECT_OBJC_ISA_USAGE = YES_ERROR;
				CLANG_WARN_DOCUMENTATION_COMMENTS = YES;
				CLANG_WARN_EMPTY_BODY = YES;
				CLANG_WARN_ENUM_CONVERSION = YES;
				CLANG_WARN_INFINITE_RECURSION = YES;
				CLANG_WARN_INT_CONVERSION = YES;
				CLANG_WARN_NON_LITERAL_NULL_CONVERSION = YES;
				CLANG_WARN_OBJC_IMPLICIT_RETAIN_SELF = YES;
				CLANG_WARN_OBJC_LITERAL_CONVERSION = YES;
				CLANG_WARN_OBJC_ROOT_CLASS = YES_ERROR;
				CLANG_WARN_QUOTED_INCLUDE_IN_FRAMEWORK_HEADER = YES;
				CLANG_WARN_RANGE_LOOP_ANALYSIS = YES;
				CLANG_WARN_STRICT_PROTOTYPES = YES;
				CLANG_WARN_SUSPICIOUS_MOVE = YES;
				CLANG_WARN_UNGUARDED_AVAILABILITY = YES_AGGRESSIVE;
				CLANG_WARN_UNREACHABLE_CODE = YES;
				CLANG_WARN__DUPLICATE_METHOD_MATCH = YES;
				COPY_PHASE_STRIP = NO;
				DEBUG_INFORMATION_FORMAT = dwarf;
				ENABLE_STRICT_OBJC_MSGSEND = YES;
				ENABLE_TESTABILITY = YES;
				GCC_C_LANGUAGE_STANDARD = gnu11;
				GCC_DYNAMIC_NO_PIC = NO;
				GCC_NO_COMMON_BLOCKS = YES;
				GCC_OPTIMIZATION_LEVEL = 0;
				GCC_PREPROCESSOR_DEFINITIONS = (
					"DEBUG=1",
					"$(inherited)",
				);
				GCC_WARN_64_TO_32_BIT_CONVERSION = YES;
				GCC_WARN_ABOUT_RETURN_TYPE = YES_ERROR;
				GCC_WARN_UNDECLARED_SELECTOR = YES;
				GCC_WARN_UNINITIALIZED_AUTOS = YES_AGGRESSIVE;
				GCC_WARN_UNUSED_FUNCTION = YES;
				GCC_WARN_UNUSED_VARIABLE = YES;
				IPHONEOS_DEPLOYMENT_TARGET = 15.5;
				MTL_ENABLE_DEBUG_INFO = INCLUDE_SOURCE;
				MTL_FAST_MATH = YES;
				ONLY_ACTIVE_ARCH = YES;
				SDKROOT = iphoneos;
				SWIFT_ACTIVE_COMPILATION_CONDITIONS = DEBUG;
				SWIFT_OPTIMIZATION_LEVEL = "-Onone";
			};
			name = Debug;
		};
		863376B328C3AF370031784D /* Release */ = {
			isa = XCBuildConfiguration;
			buildSettings = {
				ALWAYS_SEARCH_USER_PATHS = NO;
				CLANG_ANALYZER_NONNULL = YES;
				CLANG_ANALYZER_NUMBER_OBJECT_CONVERSION = YES_AGGRESSIVE;
				CLANG_CXX_LANGUAGE_STANDARD = "gnu++17";
				CLANG_ENABLE_MODULES = YES;
				CLANG_ENABLE_OBJC_ARC = YES;
				CLANG_ENABLE_OBJC_WEAK = YES;
				CLANG_WARN_BLOCK_CAPTURE_AUTORELEASING = YES;
				CLANG_WARN_BOOL_CONVERSION = YES;
				CLANG_WARN_COMMA = YES;
				CLANG_WARN_CONSTANT_CONVERSION = YES;
				CLANG_WARN_DEPRECATED_OBJC_IMPLEMENTATIONS = YES;
				CLANG_WARN_DIRECT_OBJC_ISA_USAGE = YES_ERROR;
				CLANG_WARN_DOCUMENTATION_COMMENTS = YES;
				CLANG_WARN_EMPTY_BODY = YES;
				CLANG_WARN_ENUM_CONVERSION = YES;
				CLANG_WARN_INFINITE_RECURSION = YES;
				CLANG_WARN_INT_CONVERSION = YES;
				CLANG_WARN_NON_LITERAL_NULL_CONVERSION = YES;
				CLANG_WARN_OBJC_IMPLICIT_RETAIN_SELF = YES;
				CLANG_WARN_OBJC_LITERAL_CONVERSION = YES;
				CLANG_WARN_OBJC_ROOT_CLASS = YES_ERROR;
				CLANG_WARN_QUOTED_INCLUDE_IN_FRAMEWORK_HEADER = YES;
				CLANG_WARN_RANGE_LOOP_ANALYSIS = YES;
				CLANG_WARN_STRICT_PROTOTYPES = YES;
				CLANG_WARN_SUSPICIOUS_MOVE = YES;
				CLANG_WARN_UNGUARDED_AVAILABILITY = YES_AGGRESSIVE;
				CLANG_WARN_UNREACHABLE_CODE = YES;
				CLANG_WARN__DUPLICATE_METHOD_MATCH = YES;
				COPY_PHASE_STRIP = NO;
				DEBUG_INFORMATION_FORMAT = "dwarf-with-dsym";
				ENABLE_NS_ASSERTIONS = NO;
				ENABLE_STRICT_OBJC_MSGSEND = YES;
				GCC_C_LANGUAGE_STANDARD = gnu11;
				GCC_NO_COMMON_BLOCKS = YES;
				GCC_WARN_64_TO_32_BIT_CONVERSION = YES;
				GCC_WARN_ABOUT_RETURN_TYPE = YES_ERROR;
				GCC_WARN_UNDECLARED_SELECTOR = YES;
				GCC_WARN_UNINITIALIZED_AUTOS = YES_AGGRESSIVE;
				GCC_WARN_UNUSED_FUNCTION = YES;
				GCC_WARN_UNUSED_VARIABLE = YES;
				IPHONEOS_DEPLOYMENT_TARGET = 15.5;
				MTL_ENABLE_DEBUG_INFO = NO;
				MTL_FAST_MATH = YES;
				SDKROOT = iphoneos;
				SWIFT_COMPILATION_MODE = wholemodule;
				SWIFT_OPTIMIZATION_LEVEL = "-O";
				VALIDATE_PRODUCT = YES;
			};
			name = Release;
		};
		863376B528C3AF370031784D /* Debug */ = {
			isa = XCBuildConfiguration;
			baseConfigurationReference = 95296DB9EF7D2E712D1C4D2B /* Pods-Vibefy.debug.xcconfig */;
			buildSettings = {
				ASSETCATALOG_COMPILER_APPICON_NAME = AppIcon;
				ASSETCATALOG_COMPILER_GLOBAL_ACCENT_COLOR_NAME = AccentColor;
				CODE_SIGN_STYLE = Automatic;
				CURRENT_PROJECT_VERSION = 1;
				DEVELOPMENT_TEAM = "";
				GENERATE_INFOPLIST_FILE = YES;
				INFOPLIST_FILE = Vibefy/Info.plist;
				INFOPLIST_KEY_UIApplicationSupportsIndirectInputEvents = YES;
				INFOPLIST_KEY_UILaunchStoryboardName = LaunchScreen;
				INFOPLIST_KEY_UISupportedInterfaceOrientations = UIInterfaceOrientationPortrait;
				INFOPLIST_KEY_UISupportedInterfaceOrientations_iPad = "UIInterfaceOrientationPortrait UIInterfaceOrientationPortraitUpsideDown UIInterfaceOrientationLandscapeLeft UIInterfaceOrientationLandscapeRight";
				INFOPLIST_KEY_UISupportedInterfaceOrientations_iPhone = "UIInterfaceOrientationPortrait UIInterfaceOrientationLandscapeLeft UIInterfaceOrientationLandscapeRight";
				LD_RUNPATH_SEARCH_PATHS = (
					"$(inherited)",
					"@executable_path/Frameworks",
				);
				MARKETING_VERSION = 1.0;
				PRODUCT_BUNDLE_IDENTIFIER = br.ufpe.cin.academy.Vibefy;
				PRODUCT_NAME = "$(TARGET_NAME)";
				SWIFT_EMIT_LOC_STRINGS = YES;
				SWIFT_VERSION = 5.0;
				TARGETED_DEVICE_FAMILY = "1,2";
			};
			name = Debug;
		};
		863376B628C3AF370031784D /* Release */ = {
			isa = XCBuildConfiguration;
			baseConfigurationReference = 94251877188062E6D956B00B /* Pods-Vibefy.release.xcconfig */;
			buildSettings = {
				ASSETCATALOG_COMPILER_APPICON_NAME = AppIcon;
				ASSETCATALOG_COMPILER_GLOBAL_ACCENT_COLOR_NAME = AccentColor;
				CODE_SIGN_STYLE = Automatic;
				CURRENT_PROJECT_VERSION = 1;
				DEVELOPMENT_TEAM = "";
				GENERATE_INFOPLIST_FILE = YES;
				INFOPLIST_FILE = Vibefy/Info.plist;
				INFOPLIST_KEY_UIApplicationSupportsIndirectInputEvents = YES;
				INFOPLIST_KEY_UILaunchStoryboardName = LaunchScreen;
				INFOPLIST_KEY_UISupportedInterfaceOrientations = UIInterfaceOrientationPortrait;
				INFOPLIST_KEY_UISupportedInterfaceOrientations_iPad = "UIInterfaceOrientationPortrait UIInterfaceOrientationPortraitUpsideDown UIInterfaceOrientationLandscapeLeft UIInterfaceOrientationLandscapeRight";
				INFOPLIST_KEY_UISupportedInterfaceOrientations_iPhone = "UIInterfaceOrientationPortrait UIInterfaceOrientationLandscapeLeft UIInterfaceOrientationLandscapeRight";
				LD_RUNPATH_SEARCH_PATHS = (
					"$(inherited)",
					"@executable_path/Frameworks",
				);
				MARKETING_VERSION = 1.0;
				PRODUCT_BUNDLE_IDENTIFIER = br.ufpe.cin.academy.Vibefy;
				PRODUCT_NAME = "$(TARGET_NAME)";
				SWIFT_EMIT_LOC_STRINGS = YES;
				SWIFT_VERSION = 5.0;
				TARGETED_DEVICE_FAMILY = "1,2";
			};
			name = Release;
		};
/* End XCBuildConfiguration section */

/* Begin XCConfigurationList section */
		8633769828C3AF360031784D /* Build configuration list for PBXProject "Vibefy" */ = {
			isa = XCConfigurationList;
			buildConfigurations = (
				863376B228C3AF370031784D /* Debug */,
				863376B328C3AF370031784D /* Release */,
			);
			defaultConfigurationIsVisible = 0;
			defaultConfigurationName = Release;
		};
		863376B428C3AF370031784D /* Build configuration list for PBXNativeTarget "Vibefy" */ = {
			isa = XCConfigurationList;
			buildConfigurations = (
				863376B528C3AF370031784D /* Debug */,
				863376B628C3AF370031784D /* Release */,
			);
			defaultConfigurationIsVisible = 0;
			defaultConfigurationName = Release;
		};
/* End XCConfigurationList section */

/* Begin XCVersionGroup section */
		863376A928C3AF360031784D /* Vibefy.xcdatamodeld */ = {
			isa = XCVersionGroup;
			children = (
				863376AA28C3AF360031784D /* Vibefy.xcdatamodel */,
			);
			currentVersion = 863376AA28C3AF360031784D /* Vibefy.xcdatamodel */;
			path = Vibefy.xcdatamodeld;
			sourceTree = "<group>";
			versionGroupType = wrapper.xcdatamodel;
		};
/* End XCVersionGroup section */
	};
	rootObject = 8633769528C3AF360031784D /* Project object */;
}
